
Microsoft Visual Studio Solution File, Format Version 12.00
# Visual Studio Version 17
VisualStudioVersion = 17.7.34221.43
MinimumVisualStudioVersion = 10.0.40219.1
Project("{FAE04EC0-301F-11D3-BF4B-00C04F79EFBC}") = "Application", "Application\Application.csproj", "{DEC9A245-E105-46EB-A105-3764B13648DB}"
EndProject
Project("{FAE04EC0-301F-11D3-BF4B-00C04F79EFBC}") = "App_View", "App_View\App_View.csproj", "{42A4040A-F592-4D4D-9597-38D3FD6490BD}"
EndProject
Project("{FAE04EC0-301F-11D3-BF4B-00C04F79EFBC}") = "Model", "Model\Model.csproj", "{82F37B88-072B-428B-B8F8-E07E6B4B25AE}"
EndProject
Project("{FAE04EC0-301F-11D3-BF4B-00C04F79EFBC}") = "Controller", "Controller\Controller.csproj", "{7F9677B2-0402-4724-9A69-C9CD856C6763}"
EndProject
Global
	GlobalSection(SolutionConfigurationPlatforms) = preSolution
		Debug|Any CPU = Debug|Any CPU
		Release|Any CPU = Release|Any CPU
	EndGlobalSection
	GlobalSection(ProjectConfigurationPlatforms) = postSolution
		{DEC9A245-E105-46EB-A105-3764B13648DB}.Debug|Any CPU.ActiveCfg = Debug|Any CPU
		{DEC9A245-E105-46EB-A105-3764B13648DB}.Debug|Any CPU.Build.0 = Debug|Any CPU
		{DEC9A245-E105-46EB-A105-3764B13648DB}.Release|Any CPU.ActiveCfg = Release|Any CPU
		{DEC9A245-E105-46EB-A105-3764B13648DB}.Release|Any CPU.Build.0 = Release|Any CPU
		{42A4040A-F592-4D4D-9597-38D3FD6490BD}.Debug|Any CPU.ActiveCfg = Debug|Any CPU
		{42A4040A-F592-4D4D-9597-38D3FD6490BD}.Debug|Any CPU.Build.0 = Debug|Any CPU
		{42A4040A-F592-4D4D-9597-38D3FD6490BD}.Release|Any CPU.ActiveCfg = Release|Any CPU
		{42A4040A-F592-4D4D-9597-38D3FD6490BD}.Release|Any CPU.Build.0 = Release|Any CPU
		{82F37B88-072B-428B-B8F8-E07E6B4B25AE}.Debug|Any CPU.ActiveCfg = Debug|Any CPU
		{82F37B88-072B-428B-B8F8-E07E6B4B25AE}.Debug|Any CPU.Build.0 = Debug|Any CPU
		{82F37B88-072B-428B-B8F8-E07E6B4B25AE}.Release|Any CPU.ActiveCfg = Release|Any CPU
		{82F37B88-072B-428B-B8F8-E07E6B4B25AE}.Release|Any CPU.Build.0 = Release|Any CPU
		{7F9677B2-0402-4724-9A69-C9CD856C6763}.Debug|Any CPU.ActiveCfg = Debug|Any CPU
		{7F9677B2-0402-4724-9A69-C9CD856C6763}.Debug|Any CPU.Build.0 = Debug|Any CPU
		{7F9677B2-0402-4724-9A69-C9CD856C6763}.Release|Any CPU.ActiveCfg = Release|Any CPU
		{7F9677B2-0402-4724-9A69-C9CD856C6763}.Release|Any CPU.Build.0 = Release|Any CPU
	EndGlobalSection
	GlobalSection(SolutionProperties) = preSolution
		HideSolutionNode = FALSE
	EndGlobalSection
	GlobalSection(ExtensibilityGlobals) = postSolution
		SolutionGuid = {2D002EFD-DCC5-4B42-95C3-5669E7ACD74E}
	EndGlobalSection
EndGlobal
